{
	"requires": true,
	"lockfileVersion": 1,
	"dependencies": {
		"@firebase/analytics": {
			"version": "0.6.18",
			"resolved": "https://registry.npmjs.org/@firebase/analytics/-/analytics-0.6.18.tgz",
			"integrity": "sha512-FXNtYDxbs9ynPbzUVuG94BjFPOPpgJ7156660uvCBuKgoBCIVcNqKkJQQ7TH8384fqvGjbjdcgARY9jgAHbtog==",
			"requires": {
				"@firebase/analytics-types": "0.6.0",
				"@firebase/component": "0.5.6",
				"@firebase/installations": "0.4.32",
				"@firebase/logger": "0.2.6",
				"@firebase/util": "1.3.0",
				"tslib": "^2.1.0"
			}
		},
		"@firebase/analytics-types": {
			"version": "0.6.0",
			"resolved": "https://registry.npmjs.org/@firebase/analytics-types/-/analytics-types-0.6.0.tgz",
			"integrity": "sha512-kbMawY0WRPyL/lbknBkme4CNLl+Gw+E9G4OpNeXAauqoQiNkBgpIvZYy7BRT4sNGhZbxdxXxXbruqUwDzLmvTw=="
		},
		"@firebase/app": {
			"version": "0.6.30",
			"resolved": "https://registry.npmjs.org/@firebase/app/-/app-0.6.30.tgz",
			"integrity": "sha512-uAYEDXyK0mmpZ8hWQj5TNd7WVvfsU8PgsqKpGljbFBG/HhsH8KbcykWAAA+c1PqL7dt/dbt0Reh1y9zEdYzMhg==",
			"requires": {
				"@firebase/app-types": "0.6.3",
				"@firebase/component": "0.5.6",
				"@firebase/logger": "0.2.6",
				"@firebase/util": "1.3.0",
				"dom-storage": "2.1.0",
				"tslib": "^2.1.0",
				"xmlhttprequest": "1.8.0"
			}
		},
		"@firebase/app-check": {
			"version": "0.3.2",
			"resolved": "https://registry.npmjs.org/@firebase/app-check/-/app-check-0.3.2.tgz",
			"integrity": "sha512-YjpsnV1xVTO1B836IKijRcDeceLgHQNJ/DWa+Vky9UHkm1Mi4qosddX8LZzldaWRTWKX7BN1MbZOLY8r7M/MZQ==",
			"requires": {
				"@firebase/app-check-interop-types": "0.1.0",
				"@firebase/app-check-types": "0.3.1",
				"@firebase/component": "0.5.6",
				"@firebase/logger": "0.2.6",
				"@firebase/util": "1.3.0",
				"tslib": "^2.1.0"
			}
		},
		"@firebase/app-check-interop-types": {
			"version": "0.1.0",
			"resolved": "https://registry.npmjs.org/@firebase/app-check-interop-types/-/app-check-interop-types-0.1.0.tgz",
			"integrity": "sha512-uZfn9s4uuRsaX5Lwx+gFP3B6YsyOKUE+Rqa6z9ojT4VSRAsZFko9FRn6OxQUA1z5t5d08fY4pf+/+Dkd5wbdbA=="
		},
		"@firebase/app-check-types": {
			"version": "0.3.1",
			"resolved": "https://registry.npmjs.org/@firebase/app-check-types/-/app-check-types-0.3.1.tgz",
			"integrity": "sha512-KJ+BqJbdNsx4QT/JIT1yDj5p6D+QN97iJs3GuHnORrqL+DU3RWc9nSYQsrY6Tv9jVWcOkMENXAgDT484vzsm2w=="
		},
		"@firebase/app-types": {
			"version": "0.6.3",
			"resolved": "https://registry.npmjs.org/@firebase/app-types/-/app-types-0.6.3.tgz",
			"integrity": "sha512-/M13DPPati7FQHEQ9Minjk1HGLm/4K4gs9bR4rzLCWJg64yGtVC0zNg9gDpkw9yc2cvol/mNFxqTtd4geGrwdw=="
		},
		"@firebase/auth": {
			"version": "0.16.8",
			"resolved": "https://registry.npmjs.org/@firebase/auth/-/auth-0.16.8.tgz",
			"integrity": "sha512-mR0UXG4LirWIfOiCWxVmvz1o23BuKGxeItQ2cCUgXLTjNtWJXdcky/356iTUsd7ZV5A78s2NHeN5tIDDG6H4rg==",
			"requires": {
				"@firebase/auth-types": "0.10.3"
			}
		},
		"@firebase/auth-interop-types": {
			"version": "0.1.6",
			"resolved": "https://registry.npmjs.org/@firebase/auth-interop-types/-/auth-interop-types-0.1.6.tgz",
			"integrity": "sha512-etIi92fW3CctsmR9e3sYM3Uqnoq861M0Id9mdOPF6PWIg38BXL5k4upCNBggGUpLIS0H1grMOvy/wn1xymwe2g=="
		},
		"@firebase/auth-types": {
			"version": "0.10.3",
			"resolved": "https://registry.npmjs.org/@firebase/auth-types/-/auth-types-0.10.3.tgz",
			"integrity": "sha512-zExrThRqyqGUbXOFrH/sowuh2rRtfKHp9SBVY2vOqKWdCX1Ztn682n9WLtlUDsiYVIbBcwautYWk2HyCGFv0OA=="
		},
		"@firebase/component": {
			"version": "0.5.6",
			"resolved": "https://registry.npmjs.org/@firebase/component/-/component-0.5.6.tgz",
			"integrity": "sha512-GyQJ+2lrhsDqeGgd1VdS7W+Y6gNYyI0B51ovNTxeZVG/W8I7t9MwEiCWsCvfm5wQgfsKp9dkzOcJrL5k8oVO/Q==",
			"requires": {
				"@firebase/util": "1.3.0",
				"tslib": "^2.1.0"
			}
		},
		"@firebase/database": {
			"version": "0.11.0",
			"resolved": "https://registry.npmjs.org/@firebase/database/-/database-0.11.0.tgz",
			"integrity": "sha512-b/kwvCubr6G9coPlo48PbieBDln7ViFBHOGeVt/bt82yuv5jYZBEYAac/mtOVSxpf14aMo/tAN+Edl6SWqXApw==",
			"requires": {
				"@firebase/auth-interop-types": "0.1.6",
				"@firebase/component": "0.5.6",
				"@firebase/database-types": "0.8.0",
				"@firebase/logger": "0.2.6",
				"@firebase/util": "1.3.0",
				"faye-websocket": "0.11.3",
				"tslib": "^2.1.0"
			}
		},
		"@firebase/database-types": {
			"version": "0.8.0",
			"resolved": "https://registry.npmjs.org/@firebase/database-types/-/database-types-0.8.0.tgz",
			"integrity": "sha512-7IdjAFRfPWyG3b4wcXyghb3Y1CLCSJFZIg1xl5GbTVMttSQFT4B5NYdhsfA34JwAsv5pMzPpjOaS3/K9XJ2KiA==",
			"requires": {
				"@firebase/app-types": "0.6.3",
				"@firebase/util": "1.3.0"
			}
		},
		"@firebase/firestore": {
			"version": "2.4.0",
			"resolved": "https://registry.npmjs.org/@firebase/firestore/-/firestore-2.4.0.tgz",
			"integrity": "sha512-PQ6+lWNrvh74GvFTHT4gCutFipDmtu8D1tNNawKe+/SyL6XFgeuMYgZIpKQgkTSezVDogC7EGQTJBFnewF9pOg==",
			"requires": {
				"@firebase/component": "0.5.6",
				"@firebase/firestore-types": "2.4.0",
				"@firebase/logger": "0.2.6",
				"@firebase/util": "1.3.0",
				"@firebase/webchannel-wrapper": "0.5.1",
				"@grpc/grpc-js": "^1.3.2",
				"@grpc/proto-loader": "^0.6.0",
				"node-fetch": "2.6.1",
				"tslib": "^2.1.0"
			}
		},
		"@firebase/firestore-types": {
			"version": "2.4.0",
			"resolved": "https://registry.npmjs.org/@firebase/firestore-types/-/firestore-types-2.4.0.tgz",
			"integrity": "sha512-0dgwfuNP7EN6/OlK2HSNSQiQNGLGaRBH0gvgr1ngtKKJuJFuq0Z48RBMeJX9CGjV4TP9h2KaB+KrUKJ5kh1hMg=="
		},
		"@firebase/functions": {
			"version": "0.6.15",
			"resolved": "https://registry.npmjs.org/@firebase/functions/-/functions-0.6.15.tgz",
			"integrity": "sha512-b7RpLwFXi0N+HgkfK8cmkarSOoBeSrc1jNdadkCacQt+vIePkKM3E9EJXF4roWSa8GwTruodpBsvH+lK9iCAKQ==",
			"requires": {
				"@firebase/component": "0.5.6",
				"@firebase/functions-types": "0.4.0",
				"@firebase/messaging-types": "0.5.0",
				"node-fetch": "2.6.1",
				"tslib": "^2.1.0"
			}
		},
		"@firebase/functions-types": {
			"version": "0.4.0",
			"resolved": "https://registry.npmjs.org/@firebase/functions-types/-/functions-types-0.4.0.tgz",
			"integrity": "sha512-3KElyO3887HNxtxNF1ytGFrNmqD+hheqjwmT3sI09FaDCuaxGbOnsXAXH2eQ049XRXw9YQpHMgYws/aUNgXVyQ=="
		},
		"@firebase/installations": {
			"version": "0.4.32",
			"resolved": "https://registry.npmjs.org/@firebase/installations/-/installations-0.4.32.tgz",
			"integrity": "sha512-K4UlED1Vrhd2rFQQJih+OgEj8OTtrtH4+Izkx7ip2bhXSc+unk8ZhnF69D0kmh7zjXAqEDJrmHs9O5fI3rV6Tw==",
			"requires": {
				"@firebase/component": "0.5.6",
				"@firebase/installations-types": "0.3.4",
				"@firebase/util": "1.3.0",
				"idb": "3.0.2",
				"tslib": "^2.1.0"
			}
		},
		"@firebase/installations-types": {
			"version": "0.3.4",
			"resolved": "https://registry.npmjs.org/@firebase/installations-types/-/installations-types-0.3.4.tgz",
			"integrity": "sha512-RfePJFovmdIXb6rYwtngyxuEcWnOrzdZd9m7xAW0gRxDIjBT20n3BOhjpmgRWXo/DAxRmS7bRjWAyTHY9cqN7Q=="
		},
		"@firebase/logger": {
			"version": "0.2.6",
			"resolved": "https://registry.npmjs.org/@firebase/logger/-/logger-0.2.6.tgz",
			"integrity": "sha512-KIxcUvW/cRGWlzK9Vd2KB864HlUnCfdTH0taHE0sXW5Xl7+W68suaeau1oKNEqmc3l45azkd4NzXTCWZRZdXrw=="
		},
		"@firebase/messaging": {
			"version": "0.8.0",
			"resolved": "https://registry.npmjs.org/@firebase/messaging/-/messaging-0.8.0.tgz",
			"integrity": "sha512-hkFHDyVe1kMcY9KEG+prjCbvS6MtLUgVFUbbQqq7JQfiv58E07YCzRUcMrJolbNi/1QHH6Jv16DxNWjJB9+/qA==",
			"requires": {
				"@firebase/component": "0.5.6",
				"@firebase/installations": "0.4.32",
				"@firebase/messaging-types": "0.5.0",
				"@firebase/util": "1.3.0",
				"idb": "3.0.2",
				"tslib": "^2.1.0"
			}
		},
		"@firebase/messaging-types": {
			"version": "0.5.0",
			"resolved": "https://registry.npmjs.org/@firebase/messaging-types/-/messaging-types-0.5.0.tgz",
			"integrity": "sha512-QaaBswrU6umJYb/ZYvjR5JDSslCGOH6D9P136PhabFAHLTR4TWjsaACvbBXuvwrfCXu10DtcjMxqfhdNIB1Xfg=="
		},
		"@firebase/performance": {
			"version": "0.4.18",
			"resolved": "https://registry.npmjs.org/@firebase/performance/-/performance-0.4.18.tgz",
			"integrity": "sha512-lvZW/TVDne2TyOpWbv++zjRn277HZpbjxbIPfwtnmKjVY1gJ+H77Qi1c2avVIc9hg80uGX/5tNf4pOApNDJLVg==",
			"requires": {
				"@firebase/component": "0.5.6",
				"@firebase/installations": "0.4.32",
				"@firebase/logger": "0.2.6",
				"@firebase/performance-types": "0.0.13",
				"@firebase/util": "1.3.0",
				"tslib": "^2.1.0"
			}
		},
		"@firebase/performance-types": {
			"version": "0.0.13",
			"resolved": "https://registry.npmjs.org/@firebase/performance-types/-/performance-types-0.0.13.tgz",
			"integrity": "sha512-6fZfIGjQpwo9S5OzMpPyqgYAUZcFzZxHFqOyNtorDIgNXq33nlldTL/vtaUZA8iT9TT5cJlCrF/jthKU7X21EA=="
		},
		"@firebase/polyfill": {
			"version": "0.3.36",
			"resolved": "https://registry.npmjs.org/@firebase/polyfill/-/polyfill-0.3.36.tgz",
			"integrity": "sha512-zMM9oSJgY6cT2jx3Ce9LYqb0eIpDE52meIzd/oe/y70F+v9u1LDqk5kUF5mf16zovGBWMNFmgzlsh6Wj0OsFtg==",
			"requires": {
				"core-js": "3.6.5",
				"promise-polyfill": "8.1.3",
				"whatwg-fetch": "2.0.4"
			}
		},
		"@firebase/remote-config": {
			"version": "0.1.43",
			"resolved": "https://registry.npmjs.org/@firebase/remote-config/-/remote-config-0.1.43.tgz",
			"integrity": "sha512-laNM4MN0CfeSp7XCVNjYOC4DdV6mj0l2rzUh42x4v2wLTweCoJ/kc1i4oWMX9TI7Jw8Am5Wl71Awn1J2pVe5xA==",
			"requires": {
				"@firebase/component": "0.5.6",
				"@firebase/installations": "0.4.32",
				"@firebase/logger": "0.2.6",
				"@firebase/remote-config-types": "0.1.9",
				"@firebase/util": "1.3.0",
				"tslib": "^2.1.0"
			}
		},
		"@firebase/remote-config-types": {
			"version": "0.1.9",
			"resolved": "https://registry.npmjs.org/@firebase/remote-config-types/-/remote-config-types-0.1.9.tgz",
			"integrity": "sha512-G96qnF3RYGbZsTRut7NBX0sxyczxt1uyCgXQuH/eAfUCngxjEGcZQnBdy6mvSdqdJh5mC31rWPO4v9/s7HwtzA=="
		},
		"@firebase/storage": {
			"version": "0.7.0",
			"resolved": "https://registry.npmjs.org/@firebase/storage/-/storage-0.7.0.tgz",
			"integrity": "sha512-ebDFKJbM5HOxVtZV+RhVEBVtlWHK+Z5L3kA5uDBA2jMYcn+8NV/crozJnEE+iRsGEco6dLK5JS+Er4qtKLpH5A==",
			"requires": {
				"@firebase/component": "0.5.6",
				"@firebase/storage-types": "0.5.0",
				"@firebase/util": "1.3.0",
				"node-fetch": "2.6.1",
				"tslib": "^2.1.0"
			}
		},
		"@firebase/storage-types": {
			"version": "0.5.0",
			"resolved": "https://registry.npmjs.org/@firebase/storage-types/-/storage-types-0.5.0.tgz",
			"integrity": "sha512-6Wv3Lu7s18hsgW7HG4BFwycTquZ3m/C8bjBoOsmPu0TD6M1GKwCzOC7qBdN7L6tRYPh8ipTj5+rPFrmhGfUVKA=="
		},
		"@firebase/util": {
			"version": "1.3.0",
			"resolved": "https://registry.npmjs.org/@firebase/util/-/util-1.3.0.tgz",
			"integrity": "sha512-SESvmYwuKOVCZ1ZxLbberbx+9cnbxpCa4CG2FUSQYqN6Ab8KyltegMDIsqMw5KyIBZ4n1phfHoOa22xo5NzAlQ==",
			"requires": {
				"tslib": "^2.1.0"
			}
		},
		"@firebase/webchannel-wrapper": {
			"version": "0.5.1",
			"resolved": "https://registry.npmjs.org/@firebase/webchannel-wrapper/-/webchannel-wrapper-0.5.1.tgz",
			"integrity": "sha512-dZMzN0uAjwJXWYYAcnxIwXqRTZw3o14hGe7O6uhwjD1ZQWPVYA5lASgnNskEBra0knVBsOXB4KXg+HnlKewN/A=="
		},
		"@grpc/grpc-js": {
			"version": "1.4.4",
			"resolved": "https://registry.npmjs.org/@grpc/grpc-js/-/grpc-js-1.4.4.tgz",
			"integrity": "sha512-a6222b7Dl6fIlMgzVl7e+NiRoLiZFbpcwvBH2Oli56Bn7W4/3Ld+86hK4ffPn5rx2DlDidmIcvIJiOQXyhv9gA==",
			"requires": {
				"@grpc/proto-loader": "^0.6.4",
				"@types/node": ">=12.12.47"
			}
		},
		"@grpc/proto-loader": {
			"version": "0.6.7",
			"resolved": "https://registry.npmjs.org/@grpc/proto-loader/-/proto-loader-0.6.7.tgz",
			"integrity": "sha512-QzTPIyJxU0u+r2qGe8VMl3j/W2ryhEvBv7hc42OjYfthSj370fUrb7na65rG6w3YLZS/fb8p89iTBobfWGDgdw==",
			"requires": {
				"@types/long": "^4.0.1",
				"lodash.camelcase": "^4.3.0",
				"long": "^4.0.0",
				"protobufjs": "^6.10.0",
				"yargs": "^16.1.1"
			}
		},
		"@protobufjs/aspromise": {
			"version": "1.1.2",
			"resolved": "https://registry.npmjs.org/@protobufjs/aspromise/-/aspromise-1.1.2.tgz",
			"integrity": "sha1-m4sMxmPWaafY9vXQiToU00jzD78="
		},
		"@protobufjs/base64": {
			"version": "1.1.2",
			"resolved": "https://registry.npmjs.org/@protobufjs/base64/-/base64-1.1.2.tgz",
			"integrity": "sha512-AZkcAA5vnN/v4PDqKyMR5lx7hZttPDgClv83E//FMNhR2TMcLUhfRUBHCmSl0oi9zMgDDqRUJkSxO3wm85+XLg=="
		},
		"@protobufjs/codegen": {
			"version": "2.0.4",
			"resolved": "https://registry.npmjs.org/@protobufjs/codegen/-/codegen-2.0.4.tgz",
			"integrity": "sha512-YyFaikqM5sH0ziFZCN3xDC7zeGaB/d0IUb9CATugHWbd1FRFwWwt4ld4OYMPWu5a3Xe01mGAULCdqhMlPl29Jg=="
		},
		"@protobufjs/eventemitter": {
			"version": "1.1.0",
			"resolved": "https://registry.npmjs.org/@protobufjs/eventemitter/-/eventemitter-1.1.0.tgz",
			"integrity": "sha1-NVy8mLr61ZePntCV85diHx0Ga3A="
		},
		"@protobufjs/fetch": {
			"version": "1.1.0",
			"resolved": "https://registry.npmjs.org/@protobufjs/fetch/-/fetch-1.1.0.tgz",
			"integrity": "sha1-upn7WYYUr2VwDBYZ/wbUVLDYTEU=",
			"requires": {
				"@protobufjs/aspromise": "^1.1.1",
				"@protobufjs/inquire": "^1.1.0"
			}
		},
		"@protobufjs/float": {
			"version": "1.0.2",
			"resolved": "https://registry.npmjs.org/@protobufjs/float/-/float-1.0.2.tgz",
			"integrity": "sha1-Xp4avctz/Ap8uLKR33jIy9l7h9E="
		},
		"@protobufjs/inquire": {
			"version": "1.1.0",
			"resolved": "https://registry.npmjs.org/@protobufjs/inquire/-/inquire-1.1.0.tgz",
			"integrity": "sha1-/yAOPnzyQp4tyvwRQIKOjMY48Ik="
		},
		"@protobufjs/path": {
			"version": "1.1.2",
			"resolved": "https://registry.npmjs.org/@protobufjs/path/-/path-1.1.2.tgz",
			"integrity": "sha1-bMKyDFya1q0NzP0hynZz2Nf79o0="
		},
		"@protobufjs/pool": {
			"version": "1.1.0",
			"resolved": "https://registry.npmjs.org/@protobufjs/pool/-/pool-1.1.0.tgz",
			"integrity": "sha1-Cf0V8tbTq/qbZbw2ZQbWrXhG/1Q="
		},
		"@protobufjs/utf8": {
			"version": "1.1.0",
			"resolved": "https://registry.npmjs.org/@protobufjs/utf8/-/utf8-1.1.0.tgz",
			"integrity": "sha1-p3c2C1s5oaLlEG+OhY8v0tBgxXA="
		},
		"@rollup/pluginutils": {
			"version": "4.1.2",
			"resolved": "https://registry.npmjs.org/@rollup/pluginutils/-/pluginutils-4.1.2.tgz",
			"integrity": "sha512-ROn4qvkxP9SyPeHaf7uQC/GPFY6L/OWy9+bd9AwcjOAWQwxRscoEyAUD8qCY5o5iL4jqQwoLk2kaTKJPb/HwzQ==",
			"dev": true,
			"requires": {
				"estree-walker": "^2.0.1",
				"picomatch": "^2.2.2"
			}
		},
		"@socket.io/component-emitter": {
			"version": "3.0.0",
			"resolved": "https://registry.npmjs.org/@socket.io/component-emitter/-/component-emitter-3.0.0.tgz",
			"integrity": "sha512-2pTGuibAXJswAPJjaKisthqS/NOK5ypG4LYT6tEAV0S/mxW0zOIvYvGK0V8w8+SHxAm6vRMSjqSalFXeBAqs+Q=="
		},
		"@sveltejs/adapter-static": {
			"version": "1.0.0-next.24",
			"resolved": "https://registry.npmjs.org/@sveltejs/adapter-static/-/adapter-static-1.0.0-next.24.tgz",
			"integrity": "sha512-lMiwZrZumWRrTQxaj9pFs5oW0h/97spyDl1QjmnkNaA006WeqornoETt31WpU0Lz2/2uYNXvUBBcL1LGc9Vylg==",
			"dev": true,
			"requires": {
				"tiny-glob": "^0.2.9"
			}
		},
		"@sveltejs/kit": {
			"version": "1.0.0-next.214",
			"resolved": "https://registry.npmjs.org/@sveltejs/kit/-/kit-1.0.0-next.214.tgz",
			"integrity": "sha512-rzEM/1zomAGOs8L8kZAf8Aj3GKi8+kF5VJbFbvQVGfH2ug+MiyvLDQE2LthZRTGZ4weqJ3Nt+ba0swClsL3T0A==",
			"dev": true,
			"requires": {
				"@sveltejs/vite-plugin-svelte": "^1.0.0-next.32",
				"sade": "^1.7.4",
				"vite": "^2.7.2"
			}
		},
		"@sveltejs/vite-plugin-svelte": {
			"version": "1.0.0-next.33",
			"resolved": "https://registry.npmjs.org/@sveltejs/vite-plugin-svelte/-/vite-plugin-svelte-1.0.0-next.33.tgz",
			"integrity": "sha512-aj0h2+ZixgT+yoJFIs8dRRw/Cj9tgNu3+hY4CJikpa04mfhR61wXqJFfi2ZEFMUvFda5nCxKYIChFkc6wq5fJA==",
			"dev": true,
			"requires": {
				"@rollup/pluginutils": "^4.1.2",
				"debug": "^4.3.3",
				"kleur": "^4.1.4",
				"magic-string": "^0.25.7",
				"require-relative": "^0.8.7",
				"svelte-hmr": "^0.14.9"
			}
		},
		"@types/long": {
			"version": "4.0.1",
			"resolved": "https://registry.npmjs.org/@types/long/-/long-4.0.1.tgz",
			"integrity": "sha512-5tXH6Bx/kNGd3MgffdmP4dy2Z+G4eaXw0SE81Tq3BNadtnMR5/ySMzX4SLEzHJzSmPNn4HIdpQsBvXMUykr58w=="
		},
		"@types/node": {
			"version": "16.11.11",
			"resolved": "https://registry.npmjs.org/@types/node/-/node-16.11.11.tgz",
			"integrity": "sha512-KB0sixD67CeecHC33MYn+eYARkqTheIRNuu97y2XMjR7Wu3XibO1vaY6VBV6O/a89SPI81cEUIYT87UqUWlZNw=="
		},
		"adler-32": {
			"version": "1.2.0",
			"resolved": "https://registry.npmjs.org/adler-32/-/adler-32-1.2.0.tgz",
			"integrity": "sha1-aj5r8KY5ALoVZSgIyxXGgT0aXyU=",
			"requires": {
				"exit-on-epipe": "~1.0.1",
				"printj": "~1.1.0"
			}
		},
		"ansi-regex": {
			"version": "5.0.1",
			"resolved": "https://registry.npmjs.org/ansi-regex/-/ansi-regex-5.0.1.tgz",
			"integrity": "sha512-quJQXlTSUGL2LH9SUXo8VwsY4soanhgo6LNSm84E1LBcE8s3O0wpdiRzyR9z/ZZJMlMWv37qOOb9pdJlMUEKFQ=="
		},
		"ansi-styles": {
			"version": "4.3.0",
			"resolved": "https://registry.npmjs.org/ansi-styles/-/ansi-styles-4.3.0.tgz",
			"integrity": "sha512-zbB9rCJAT1rbjiVDb2hqKFHNYLxgtk8NURxZ3IZwD3F6NtxbXZQCnnSi1Lkx+IDohdPlFp222wVALIheZJQSEg==",
			"requires": {
				"color-convert": "^2.0.1"
			}
		},
		"axios": {
			"version": "0.24.0",
			"resolved": "https://registry.npmjs.org/axios/-/axios-0.24.0.tgz",
			"integrity": "sha512-Q6cWsys88HoPgAaFAVUb0WpPk0O8iTeisR9IMqy9G8AbO4NlpVknrnQS03zzF9PGAWgO3cgletO3VjV/P7VztA==",
			"requires": {
				"follow-redirects": "^1.14.4"
			}
		},
		"backo2": {
			"version": "1.0.2",
			"resolved": "https://registry.npmjs.org/backo2/-/backo2-1.0.2.tgz",
			"integrity": "sha1-MasayLEpNjRj41s+u2n038+6eUc="
		},
		"base64-arraybuffer": {
			"version": "1.0.1",
			"resolved": "https://registry.npmjs.org/base64-arraybuffer/-/base64-arraybuffer-1.0.1.tgz",
			"integrity": "sha512-vFIUq7FdLtjZMhATwDul5RZWv2jpXQ09Pd6jcVEOvIsqCWTRFD/ONHNfyOS8dA/Ippi5dsIgpyKWKZaAKZltbA=="
		},
		"cfb": {
			"version": "1.2.1",
			"resolved": "https://registry.npmjs.org/cfb/-/cfb-1.2.1.tgz",
			"integrity": "sha512-wT2ScPAFGSVy7CY+aauMezZBnNrfnaLSrxHUHdea+Td/86vrk6ZquggV+ssBR88zNs0OnBkL2+lf9q0K+zVGzQ==",
			"requires": {
				"adler-32": "~1.3.0",
				"crc-32": "~1.2.0",
				"printj": "~1.3.0"
			},
			"dependencies": {
				"adler-32": {
					"version": "1.3.0",
					"resolved": "https://registry.npmjs.org/adler-32/-/adler-32-1.3.0.tgz",
					"integrity": "sha512-f5nltvjl+PRUh6YNfUstRaXwJxtfnKEWhAWWlmKvh+Y3J2+98a0KKVYDEhz6NdKGqswLhjNGznxfSsZGOvOd9g==",
					"requires": {
						"printj": "~1.2.2"
					},
					"dependencies": {
						"printj": {
							"version": "1.2.3",
							"resolved": "https://registry.npmjs.org/printj/-/printj-1.2.3.tgz",
							"integrity": "sha512-sanczS6xOJOg7IKDvi4sGOUOe7c1tsEzjwlLFH/zgwx/uyImVM9/rgBkc8AfiQa/Vg54nRd8mkm9yI7WV/O+WA=="
						}
					}
				},
				"printj": {
					"version": "1.3.0",
					"resolved": "https://registry.npmjs.org/printj/-/printj-1.3.0.tgz",
					"integrity": "sha512-017o8YIaz8gLhaNxRB9eBv2mWXI2CtzhPJALnQTP+OPpuUfP0RMWqr/mHCzqVeu1AQxfzSfAtAq66vKB8y7Lzg=="
				}
			}
		},
		"cliui": {
			"version": "7.0.4",
			"resolved": "https://registry.npmjs.org/cliui/-/cliui-7.0.4.tgz",
			"integrity": "sha512-OcRE68cOsVMXp1Yvonl/fzkQOyjLSu/8bhPDfQt0e0/Eb283TKP20Fs2MqoPsr9SwA595rRCA+QMzYc9nBP+JQ==",
			"requires": {
				"string-width": "^4.2.0",
				"strip-ansi": "^6.0.0",
				"wrap-ansi": "^7.0.0"
			}
		},
		"codepage": {
			"version": "1.15.0",
			"resolved": "https://registry.npmjs.org/codepage/-/codepage-1.15.0.tgz",
			"integrity": "sha512-3g6NUTPd/YtuuGrhMnOMRjFc+LJw/bnMp3+0r/Wcz3IXUuCosKRJvMphm5+Q+bvTVGcJJuRvVLuYba+WojaFaA=="
		},
		"color-convert": {
			"version": "2.0.1",
			"resolved": "https://registry.npmjs.org/color-convert/-/color-convert-2.0.1.tgz",
			"integrity": "sha512-RRECPsj7iu/xb5oKYcsFHSppFNnsj/52OVTRKb4zP5onXwVF3zVmmToNcOfGC+CRDpfK/U584fMg38ZHCaElKQ==",
			"requires": {
				"color-name": "~1.1.4"
			}
		},
		"color-name": {
			"version": "1.1.4",
			"resolved": "https://registry.npmjs.org/color-name/-/color-name-1.1.4.tgz",
			"integrity": "sha512-dOy+3AuW3a2wNbZHIuMZpTcgjGuLU/uBL/ubcZF9OXbDo8ff4O8yVp5Bf0efS8uEoYo5q4Fx7dY9OgQGXgAsQA=="
		},
		"core-js": {
			"version": "3.6.5",
			"resolved": "https://registry.npmjs.org/core-js/-/core-js-3.6.5.tgz",
			"integrity": "sha512-vZVEEwZoIsI+vPEuoF9Iqf5H7/M3eeQqWlQnYa8FSKKePuYTf5MWnxb5SDAzCa60b3JBRS5g9b+Dq7b1y/RCrA=="
		},
		"crc-32": {
			"version": "1.2.0",
			"resolved": "https://registry.npmjs.org/crc-32/-/crc-32-1.2.0.tgz",
			"integrity": "sha512-1uBwHxF+Y/4yF5G48fwnKq6QsIXheor3ZLPT80yGBV1oEUwpPojlEhQbWKVw1VwcTQyMGHK1/XMmTjmlsmTTGA==",
			"requires": {
				"exit-on-epipe": "~1.0.1",
				"printj": "~1.1.0"
			}
		},
		"debug": {
			"version": "4.3.3",
			"resolved": "https://registry.npmjs.org/debug/-/debug-4.3.3.tgz",
			"integrity": "sha512-/zxw5+vh1Tfv+4Qn7a5nsbcJKPaSvCDhojn6FEl9vupwK2VCSDtEiEtqr8DFtzYFOdz63LBkxec7DYuc2jon6Q==",
			"requires": {
				"ms": "2.1.2"
			}
		},
		"dom-storage": {
			"version": "2.1.0",
			"resolved": "https://registry.npmjs.org/dom-storage/-/dom-storage-2.1.0.tgz",
			"integrity": "sha512-g6RpyWXzl0RR6OTElHKBl7nwnK87GUyZMYC7JWsB/IA73vpqK2K6LT39x4VepLxlSsWBFrPVLnsSR5Jyty0+2Q=="
		},
		"emoji-regex": {
			"version": "8.0.0",
			"resolved": "https://registry.npmjs.org/emoji-regex/-/emoji-regex-8.0.0.tgz",
			"integrity": "sha512-MSjYzcWNOA0ewAHpz0MxpYFvwg6yjy1NG3xteoqz644VCo/RPgnr1/GGt+ic3iJTzQ8Eu3TdM14SawnVUmGE6A=="
		},
		"engine.io-client": {
			"version": "6.1.1",
			"resolved": "https://registry.npmjs.org/engine.io-client/-/engine.io-client-6.1.1.tgz",
			"integrity": "sha512-V05mmDo4gjimYW+FGujoGmmmxRaDsrVr7AXA3ZIfa04MWM1jOfZfUwou0oNqhNwy/votUDvGDt4JA4QF4e0b4g==",
			"requires": {
				"@socket.io/component-emitter": "~3.0.0",
				"debug": "~4.3.1",
				"engine.io-parser": "~5.0.0",
				"has-cors": "1.1.0",
				"parseqs": "0.0.6",
				"parseuri": "0.0.6",
				"ws": "~8.2.3",
				"xmlhttprequest-ssl": "~2.0.0",
				"yeast": "0.1.2"
			}
		},
		"engine.io-parser": {
			"version": "5.0.2",
			"resolved": "https://registry.npmjs.org/engine.io-parser/-/engine.io-parser-5.0.2.tgz",
			"integrity": "sha512-wuiO7qO/OEkPJSFueuATIXtrxF7/6GTbAO9QLv7nnbjwZ5tYhLm9zxvLwxstRs0dcT0KUlWTjtIOs1T86jt12g==",
			"requires": {
				"base64-arraybuffer": "~1.0.1"
			}
		},
		"esbuild": {
			"version": "0.13.15",
			"resolved": "https://registry.npmjs.org/esbuild/-/esbuild-0.13.15.tgz",
			"integrity": "sha512-raCxt02HBKv8RJxE8vkTSCXGIyKHdEdGfUmiYb8wnabnaEmHzyW7DCHb5tEN0xU8ryqg5xw54mcwnYkC4x3AIw==",
			"dev": true,
			"requires": {
				"esbuild-android-arm64": "0.13.15",
				"esbuild-darwin-64": "0.13.15",
				"esbuild-darwin-arm64": "0.13.15",
				"esbuild-freebsd-64": "0.13.15",
				"esbuild-freebsd-arm64": "0.13.15",
				"esbuild-linux-32": "0.13.15",
				"esbuild-linux-64": "0.13.15",
				"esbuild-linux-arm": "0.13.15",
				"esbuild-linux-arm64": "0.13.15",
				"esbuild-linux-mips64le": "0.13.15",
				"esbuild-linux-ppc64le": "0.13.15",
				"esbuild-netbsd-64": "0.13.15",
				"esbuild-openbsd-64": "0.13.15",
				"esbuild-sunos-64": "0.13.15",
				"esbuild-windows-32": "0.13.15",
				"esbuild-windows-64": "0.13.15",
				"esbuild-windows-arm64": "0.13.15"
			}
		},
		"esbuild-android-arm64": {
			"version": "0.13.15",
			"resolved": "https://registry.npmjs.org/esbuild-android-arm64/-/esbuild-android-arm64-0.13.15.tgz",
			"integrity": "sha512-m602nft/XXeO8YQPUDVoHfjyRVPdPgjyyXOxZ44MK/agewFFkPa8tUo6lAzSWh5Ui5PB4KR9UIFTSBKh/RrCmg==",
			"dev": true,
			"optional": true
		},
		"esbuild-darwin-64": {
			"version": "0.13.15",
			"resolved": "https://registry.npmjs.org/esbuild-darwin-64/-/esbuild-darwin-64-0.13.15.tgz",
			"integrity": "sha512-ihOQRGs2yyp7t5bArCwnvn2Atr6X4axqPpEdCFPVp7iUj4cVSdisgvEKdNR7yH3JDjW6aQDw40iQFoTqejqxvQ==",
			"dev": true,
			"optional": true
		},
		"esbuild-darwin-arm64": {
			"version": "0.13.15",
			"resolved": "https://registry.npmjs.org/esbuild-darwin-arm64/-/esbuild-darwin-arm64-0.13.15.tgz",
			"integrity": "sha512-i1FZssTVxUqNlJ6cBTj5YQj4imWy3m49RZRnHhLpefFIh0To05ow9DTrXROTE1urGTQCloFUXTX8QfGJy1P8dQ==",
			"dev": true,
			"optional": true
		},
		"esbuild-freebsd-64": {
			"version": "0.13.15",
			"resolved": "https://registry.npmjs.org/esbuild-freebsd-64/-/esbuild-freebsd-64-0.13.15.tgz",
			"integrity": "sha512-G3dLBXUI6lC6Z09/x+WtXBXbOYQZ0E8TDBqvn7aMaOCzryJs8LyVXKY4CPnHFXZAbSwkCbqiPuSQ1+HhrNk7EA==",
			"dev": true,
			"optional": true
		},
		"esbuild-freebsd-arm64": {
			"version": "0.13.15",
			"resolved": "https://registry.npmjs.org/esbuild-freebsd-arm64/-/esbuild-freebsd-arm64-0.13.15.tgz",
			"integrity": "sha512-KJx0fzEDf1uhNOZQStV4ujg30WlnwqUASaGSFPhznLM/bbheu9HhqZ6mJJZM32lkyfGJikw0jg7v3S0oAvtvQQ==",
			"dev": true,
			"optional": true
		},
		"esbuild-linux-32": {
			"version": "0.13.15",
			"resolved": "https://registry.npmjs.org/esbuild-linux-32/-/esbuild-linux-32-0.13.15.tgz",
			"integrity": "sha512-ZvTBPk0YWCLMCXiFmD5EUtB30zIPvC5Itxz0mdTu/xZBbbHJftQgLWY49wEPSn2T/TxahYCRDWun5smRa0Tu+g==",
			"dev": true,
			"optional": true
		},
		"esbuild-linux-64": {
			"version": "0.13.15",
			"resolved": "https://registry.npmjs.org/esbuild-linux-64/-/esbuild-linux-64-0.13.15.tgz",
			"integrity": "sha512-eCKzkNSLywNeQTRBxJRQ0jxRCl2YWdMB3+PkWFo2BBQYC5mISLIVIjThNtn6HUNqua1pnvgP5xX0nHbZbPj5oA==",
			"dev": true,
			"optional": true
		},
		"esbuild-linux-arm": {
			"version": "0.13.15",
			"resolved": "https://registry.npmjs.org/esbuild-linux-arm/-/esbuild-linux-arm-0.13.15.tgz",
			"integrity": "sha512-wUHttDi/ol0tD8ZgUMDH8Ef7IbDX+/UsWJOXaAyTdkT7Yy9ZBqPg8bgB/Dn3CZ9SBpNieozrPRHm0BGww7W/jA==",
			"dev": true,
			"optional": true
		},
		"esbuild-linux-arm64": {
			"version": "0.13.15",
			"resolved": "https://registry.npmjs.org/esbuild-linux-arm64/-/esbuild-linux-arm64-0.13.15.tgz",
			"integrity": "sha512-bYpuUlN6qYU9slzr/ltyLTR9YTBS7qUDymO8SV7kjeNext61OdmqFAzuVZom+OLW1HPHseBfJ/JfdSlx8oTUoA==",
			"dev": true,
			"optional": true
		},
		"esbuild-linux-mips64le": {
			"version": "0.13.15",
			"resolved": "https://registry.npmjs.org/esbuild-linux-mips64le/-/esbuild-linux-mips64le-0.13.15.tgz",
			"integrity": "sha512-KlVjIG828uFPyJkO/8gKwy9RbXhCEUeFsCGOJBepUlpa7G8/SeZgncUEz/tOOUJTcWMTmFMtdd3GElGyAtbSWg==",
			"dev": true,
			"optional": true
		},
		"esbuild-linux-ppc64le": {
			"version": "0.13.15",
			"resolved": "https://registry.npmjs.org/esbuild-linux-ppc64le/-/esbuild-linux-ppc64le-0.13.15.tgz",
			"integrity": "sha512-h6gYF+OsaqEuBjeesTBtUPw0bmiDu7eAeuc2OEH9S6mV9/jPhPdhOWzdeshb0BskRZxPhxPOjqZ+/OqLcxQwEQ==",
			"dev": true,
			"optional": true
		},
		"esbuild-netbsd-64": {
			"version": "0.13.15",
			"resolved": "https://registry.npmjs.org/esbuild-netbsd-64/-/esbuild-netbsd-64-0.13.15.tgz",
			"integrity": "sha512-3+yE9emwoevLMyvu+iR3rsa+Xwhie7ZEHMGDQ6dkqP/ndFzRHkobHUKTe+NCApSqG5ce2z4rFu+NX/UHnxlh3w==",
			"dev": true,
			"optional": true
		},
		"esbuild-openbsd-64": {
			"version": "0.13.15",
			"resolved": "https://registry.npmjs.org/esbuild-openbsd-64/-/esbuild-openbsd-64-0.13.15.tgz",
			"integrity": "sha512-wTfvtwYJYAFL1fSs8yHIdf5GEE4NkbtbXtjLWjM3Cw8mmQKqsg8kTiqJ9NJQe5NX/5Qlo7Xd9r1yKMMkHllp5g==",
			"dev": true,
			"optional": true
		},
		"esbuild-sunos-64": {
			"version": "0.13.15",
			"resolved": "https://registry.npmjs.org/esbuild-sunos-64/-/esbuild-sunos-64-0.13.15.tgz",
			"integrity": "sha512-lbivT9Bx3t1iWWrSnGyBP9ODriEvWDRiweAs69vI+miJoeKwHWOComSRukttbuzjZ8r1q0mQJ8Z7yUsDJ3hKdw==",
			"dev": true,
			"optional": true
		},
		"esbuild-windows-32": {
			"version": "0.13.15",
			"resolved": "https://registry.npmjs.org/esbuild-windows-32/-/esbuild-windows-32-0.13.15.tgz",
			"integrity": "sha512-fDMEf2g3SsJ599MBr50cY5ve5lP1wyVwTe6aLJsM01KtxyKkB4UT+fc5MXQFn3RLrAIAZOG+tHC+yXObpSn7Nw==",
			"dev": true,
			"optional": true
		},
		"esbuild-windows-64": {
			"version": "0.13.15",
			"resolved": "https://registry.npmjs.org/esbuild-windows-64/-/esbuild-windows-64-0.13.15.tgz",
			"integrity": "sha512-9aMsPRGDWCd3bGjUIKG/ZOJPKsiztlxl/Q3C1XDswO6eNX/Jtwu4M+jb6YDH9hRSUflQWX0XKAfWzgy5Wk54JQ==",
			"dev": true,
			"optional": true
		},
		"esbuild-windows-arm64": {
			"version": "0.13.15",
			"resolved": "https://registry.npmjs.org/esbuild-windows-arm64/-/esbuild-windows-arm64-0.13.15.tgz",
			"integrity": "sha512-zzvyCVVpbwQQATaf3IG8mu1IwGEiDxKkYUdA4FpoCHi1KtPa13jeScYDjlW0Qh+ebWzpKfR2ZwvqAQkSWNcKjA==",
			"dev": true,
			"optional": true
		},
		"escalade": {
			"version": "3.1.1",
			"resolved": "https://registry.npmjs.org/escalade/-/escalade-3.1.1.tgz",
			"integrity": "sha512-k0er2gUkLf8O0zKJiAhmkTnJlTvINGv7ygDNPbeIsX/TJjGJZHuh9B2UxbsaEkmlEo9MfhrSzmhIlhRlI2GXnw=="
		},
		"estree-walker": {
			"version": "2.0.2",
			"resolved": "https://registry.npmjs.org/estree-walker/-/estree-walker-2.0.2.tgz",
			"integrity": "sha512-Rfkk/Mp/DL7JVje3u18FxFujQlTNR2q6QfMSMB7AvCBx91NGj/ba3kCfza0f6dVDbw7YlRf/nDrn7pQrCCyQ/w==",
			"dev": true
		},
		"exit-on-epipe": {
			"version": "1.0.1",
			"resolved": "https://registry.npmjs.org/exit-on-epipe/-/exit-on-epipe-1.0.1.tgz",
			"integrity": "sha512-h2z5mrROTxce56S+pnvAV890uu7ls7f1kEvVGJbw1OlFH3/mlJ5bkXu0KRyW94v37zzHPiUd55iLn3DA7TjWpw=="
		},
		"faye-websocket": {
			"version": "0.11.3",
			"resolved": "https://registry.npmjs.org/faye-websocket/-/faye-websocket-0.11.3.tgz",
			"integrity": "sha512-D2y4bovYpzziGgbHYtGCMjlJM36vAl/y+xUyn1C+FVx8szd1E+86KwVw6XvYSzOP8iMpm1X0I4xJD+QtUb36OA==",
			"requires": {
				"websocket-driver": ">=0.5.1"
			}
		},
		"firebase": {
			"version": "8.10.0",
			"resolved": "https://registry.npmjs.org/firebase/-/firebase-8.10.0.tgz",
			"integrity": "sha512-GCABTbJdo88QgzX5OH/vsfKBWvTRbLUylGlYXtO7uYo1VErfGd2BWW9ATlJP5Gxx+ClDfyvVTvcs2rcNWn3uUA==",
			"requires": {
				"@firebase/analytics": "0.6.18",
				"@firebase/app": "0.6.30",
				"@firebase/app-check": "0.3.2",
				"@firebase/app-types": "0.6.3",
				"@firebase/auth": "0.16.8",
				"@firebase/database": "0.11.0",
				"@firebase/firestore": "2.4.0",
				"@firebase/functions": "0.6.15",
				"@firebase/installations": "0.4.32",
				"@firebase/messaging": "0.8.0",
				"@firebase/performance": "0.4.18",
				"@firebase/polyfill": "0.3.36",
				"@firebase/remote-config": "0.1.43",
				"@firebase/storage": "0.7.0",
				"@firebase/util": "1.3.0"
			}
		},
		"follow-redirects": {
			"version": "1.14.5",
			"resolved": "https://registry.npmjs.org/follow-redirects/-/follow-redirects-1.14.5.tgz",
			"integrity": "sha512-wtphSXy7d4/OR+MvIFbCVBDzZ5520qV8XfPklSN5QtxuMUJZ+b0Wnst1e1lCDocfzuCkHqj8k0FpZqO+UIaKNA=="
		},
		"frac": {
			"version": "1.1.2",
			"resolved": "https://registry.npmjs.org/frac/-/frac-1.1.2.tgz",
			"integrity": "sha512-w/XBfkibaTl3YDqASwfDUqkna4Z2p9cFSr1aHDt0WoMTECnRfBOv2WArlZILlqgWlmdIlALXGpM2AOhEk5W3IA=="
		},
		"fsevents": {
			"version": "2.3.2",
			"resolved": "https://registry.npmjs.org/fsevents/-/fsevents-2.3.2.tgz",
			"integrity": "sha512-xiqMQR4xAeHTuB9uWm+fFRcIOgKBMiOBP+eXiyT7jsgVCq1bkVygt00oASowB7EdtpOHaaPgKt812P9ab+DDKA==",
			"dev": true,
			"optional": true
		},
		"function-bind": {
			"version": "1.1.1",
			"resolved": "https://registry.npmjs.org/function-bind/-/function-bind-1.1.1.tgz",
			"integrity": "sha512-yIovAzMX49sF8Yl58fSCWJ5svSLuaibPxXQJFLmBObTuCr0Mf1KiPopGM9NiFjiYBCbfaa2Fh6breQ6ANVTI0A==",
			"dev": true
		},
		"get-caller-file": {
			"version": "2.0.5",
			"resolved": "https://registry.npmjs.org/get-caller-file/-/get-caller-file-2.0.5.tgz",
			"integrity": "sha512-DyFP3BM/3YHTQOCUL/w0OZHR0lpKeGrxotcHWcqNEdnltqFwXVfhEBQ94eIo34AfQpo0rGki4cyIiftY06h2Fg=="
		},
		"globalyzer": {
			"version": "0.1.0",
			"resolved": "https://registry.npmjs.org/globalyzer/-/globalyzer-0.1.0.tgz",
			"integrity": "sha512-40oNTM9UfG6aBmuKxk/giHn5nQ8RVz/SS4Ir6zgzOv9/qC3kKZ9v4etGTcJbEl/NyVQH7FGU7d+X1egr57Md2Q==",
			"dev": true
		},
		"globrex": {
			"version": "0.1.2",
			"resolved": "https://registry.npmjs.org/globrex/-/globrex-0.1.2.tgz",
			"integrity": "sha512-uHJgbwAMwNFf5mLst7IWLNg14x1CkeqglJb/K3doi4dw6q2IvAAmM/Y81kevy83wP+Sst+nutFTYOGg3d1lsxg==",
			"dev": true
		},
		"has": {
			"version": "1.0.3",
			"resolved": "https://registry.npmjs.org/has/-/has-1.0.3.tgz",
			"integrity": "sha512-f2dvO0VU6Oej7RkWJGrehjbzMAjFp5/VKPp5tTpWIV4JHHZK1/BxbFRtf/siA2SWTe09caDmVtYYzWEIbBS4zw==",
			"dev": true,
			"requires": {
				"function-bind": "^1.1.1"
			}
		},
		"has-cors": {
			"version": "1.1.0",
			"resolved": "https://registry.npmjs.org/has-cors/-/has-cors-1.1.0.tgz",
			"integrity": "sha1-XkdHk/fqmEPRu5nCPu9J/xJv/zk="
		},
		"http-parser-js": {
			"version": "0.5.5",
			"resolved": "https://registry.npmjs.org/http-parser-js/-/http-parser-js-0.5.5.tgz",
			"integrity": "sha512-x+JVEkO2PoM8qqpbPbOL3cqHPwerep7OwzK7Ay+sMQjKzaKCqWvjoXm5tqMP9tXWWTnTzAjIhXg+J99XYuPhPA=="
		},
		"idb": {
			"version": "3.0.2",
			"resolved": "https://registry.npmjs.org/idb/-/idb-3.0.2.tgz",
			"integrity": "sha512-+FLa/0sTXqyux0o6C+i2lOR0VoS60LU/jzUo5xjfY6+7sEEgy4Gz1O7yFBXvjd7N0NyIGWIRg8DcQSLEG+VSPw=="
		},
		"is-core-module": {
			"version": "2.8.0",
			"resolved": "https://registry.npmjs.org/is-core-module/-/is-core-module-2.8.0.tgz",
			"integrity": "sha512-vd15qHsaqrRL7dtH6QNuy0ndJmRDrS9HAM1CAiSifNUFv4x1a0CCVsj18hJ1mShxIG6T2i1sO78MkP56r0nYRw==",
			"dev": true,
			"requires": {
				"has": "^1.0.3"
			}
		},
		"is-fullwidth-code-point": {
			"version": "3.0.0",
			"resolved": "https://registry.npmjs.org/is-fullwidth-code-point/-/is-fullwidth-code-point-3.0.0.tgz",
			"integrity": "sha512-zymm5+u+sCsSWyD9qNaejV3DFvhCKclKdizYaJUuHA83RLjb7nSuGnddCHGv0hk+KY7BMAlsWeK4Ueg6EV6XQg=="
		},
		"kleur": {
			"version": "4.1.4",
			"resolved": "https://registry.npmjs.org/kleur/-/kleur-4.1.4.tgz",
			"integrity": "sha512-8QADVssbrFjivHWQU7KkMgptGTl6WAcSdlbBPY4uNF+mWr6DGcKrvY2w4FQJoXch7+fKMjj0dRrL75vk3k23OA==",
			"dev": true
		},
		"lodash.camelcase": {
			"version": "4.3.0",
			"resolved": "https://registry.npmjs.org/lodash.camelcase/-/lodash.camelcase-4.3.0.tgz",
			"integrity": "sha1-soqmKIorn8ZRA1x3EfZathkDMaY="
		},
		"long": {
			"version": "4.0.0",
			"resolved": "https://registry.npmjs.org/long/-/long-4.0.0.tgz",
			"integrity": "sha512-XsP+KhQif4bjX1kbuSiySJFNAehNxgLb6hPRGJ9QsUr8ajHkuXGdrHmFUTUUXhDwVX2R5bY4JNZEwbUiMhV+MA=="
		},
		"magic-string": {
			"version": "0.25.7",
			"resolved": "https://registry.npmjs.org/magic-string/-/magic-string-0.25.7.tgz",
			"integrity": "sha512-4CrMT5DOHTDk4HYDlzmwu4FVCcIYI8gauveasrdCu2IKIFOJ3f0v/8MDGJCDL9oD2ppz/Av1b0Nj345H9M+XIA==",
			"dev": true,
			"requires": {
				"sourcemap-codec": "^1.4.4"
			}
		},
		"mri": {
			"version": "1.2.0",
			"resolved": "https://registry.npmjs.org/mri/-/mri-1.2.0.tgz",
			"integrity": "sha512-tzzskb3bG8LvYGFF/mDTpq3jpI6Q9wc3LEmBaghu+DdCssd1FakN7Bc0hVNmEyGq1bq3RgfkCb3cmQLpNPOroA==",
			"dev": true
		},
		"ms": {
			"version": "2.1.2",
			"resolved": "https://registry.npmjs.org/ms/-/ms-2.1.2.tgz",
			"integrity": "sha512-sGkPx+VjMtmA6MX27oA4FBFELFCZZ4S4XqeGOXCv68tT+jb3vk/RyaKWP0PTKyWtmLSM0b+adUTEvbs1PEaH2w=="
		},
		"nanoid": {
			"version": "3.1.30",
			"resolved": "https://registry.npmjs.org/nanoid/-/nanoid-3.1.30.tgz",
			"integrity": "sha512-zJpuPDwOv8D2zq2WRoMe1HsfZthVewpel9CAvTfc/2mBD1uUT/agc5f7GHGWXlYkFvi1mVxe4IjvP2HNrop7nQ==",
			"dev": true
		},
		"node-fetch": {
			"version": "2.6.1",
			"resolved": "https://registry.npmjs.org/node-fetch/-/node-fetch-2.6.1.tgz",
			"integrity": "sha512-V4aYg89jEoVRxRb2fJdAg8FHvI7cEyYdVAh94HH0UIK8oJxUfkjlDQN9RbMx+bEjP7+ggMiFRprSti032Oipxw=="
		},
		"parseqs": {
			"version": "0.0.6",
			"resolved": "https://registry.npmjs.org/parseqs/-/parseqs-0.0.6.tgz",
			"integrity": "sha512-jeAGzMDbfSHHA091hr0r31eYfTig+29g3GKKE/PPbEQ65X0lmMwlEoqmhzu0iztID5uJpZsFlUPDP8ThPL7M8w=="
		},
		"parseuri": {
			"version": "0.0.6",
			"resolved": "https://registry.npmjs.org/parseuri/-/parseuri-0.0.6.tgz",
			"integrity": "sha512-AUjen8sAkGgao7UyCX6Ahv0gIK2fABKmYjvP4xmy5JaKvcbTRueIqIPHLAfq30xJddqSE033IOMUSOMCcK3Sow=="
		},
		"path-parse": {
			"version": "1.0.7",
			"resolved": "https://registry.npmjs.org/path-parse/-/path-parse-1.0.7.tgz",
			"integrity": "sha512-LDJzPVEEEPR+y48z93A0Ed0yXb8pAByGWo/k5YYdYgpY2/2EsOsksJrq7lOHxryrVOn1ejG6oAp8ahvOIQD8sw==",
			"dev": true
		},
		"picocolors": {
			"version": "1.0.0",
			"resolved": "https://registry.npmjs.org/picocolors/-/picocolors-1.0.0.tgz",
			"integrity": "sha512-1fygroTLlHu66zi26VoTDv8yRgm0Fccecssto+MhsZ0D/DGW2sm8E8AjW7NU5VVTRt5GxbeZ5qBuJr+HyLYkjQ==",
			"dev": true
		},
		"picomatch": {
			"version": "2.3.1",
			"resolved": "https://registry.npmjs.org/picomatch/-/picomatch-2.3.1.tgz",
			"integrity": "sha512-JU3teHTNjmE2VCGFzuY8EXzCDVwEqB2a8fsIvwaStHhAWJEeVd1o1QD80CU6+ZdEXXSLbSsuLwJjkCBWqRQUVA==",
			"dev": true
		},
		"postcss": {
			"version": "8.4.5",
			"resolved": "https://registry.npmjs.org/postcss/-/postcss-8.4.5.tgz",
			"integrity": "sha512-jBDboWM8qpaqwkMwItqTQTiFikhs/67OYVvblFFTM7MrZjt6yMKd6r2kgXizEbTTljacm4NldIlZnhbjr84QYg==",
			"dev": true,
			"requires": {
				"nanoid": "^3.1.30",
				"picocolors": "^1.0.0",
				"source-map-js": "^1.0.1"
			}
		},
		"printj": {
			"version": "1.1.2",
			"resolved": "https://registry.npmjs.org/printj/-/printj-1.1.2.tgz",
			"integrity": "sha512-zA2SmoLaxZyArQTOPj5LXecR+RagfPSU5Kw1qP+jkWeNlrq+eJZyY2oS68SU1Z/7/myXM4lo9716laOFAVStCQ=="
		},
		"promise-polyfill": {
			"version": "8.1.3",
			"resolved": "https://registry.npmjs.org/promise-polyfill/-/promise-polyfill-8.1.3.tgz",
			"integrity": "sha512-MG5r82wBzh7pSKDRa9y+vllNHz3e3d4CNj1PQE4BQYxLme0gKYYBm9YENq+UkEikyZ0XbiGWxYlVw3Rl9O/U8g=="
		},
		"protobufjs": {
			"version": "6.11.2",
			"resolved": "https://registry.npmjs.org/protobufjs/-/protobufjs-6.11.2.tgz",
			"integrity": "sha512-4BQJoPooKJl2G9j3XftkIXjoC9C0Av2NOrWmbLWT1vH32GcSUHjM0Arra6UfTsVyfMAuFzaLucXn1sadxJydAw==",
			"requires": {
				"@protobufjs/aspromise": "^1.1.2",
				"@protobufjs/base64": "^1.1.2",
				"@protobufjs/codegen": "^2.0.4",
				"@protobufjs/eventemitter": "^1.1.0",
				"@protobufjs/fetch": "^1.1.0",
				"@protobufjs/float": "^1.0.2",
				"@protobufjs/inquire": "^1.1.0",
				"@protobufjs/path": "^1.1.2",
				"@protobufjs/pool": "^1.1.0",
				"@protobufjs/utf8": "^1.1.0",
				"@types/long": "^4.0.1",
				"@types/node": ">=13.7.0",
				"long": "^4.0.0"
			}
		},
		"require-directory": {
			"version": "2.1.1",
			"resolved": "https://registry.npmjs.org/require-directory/-/require-directory-2.1.1.tgz",
			"integrity": "sha1-jGStX9MNqxyXbiNE/+f3kqam30I="
		},
		"require-relative": {
			"version": "0.8.7",
			"resolved": "https://registry.npmjs.org/require-relative/-/require-relative-0.8.7.tgz",
			"integrity": "sha1-eZlTn8ngR6N5KPoZb44VY9q9Nt4=",
			"dev": true
		},
		"resolve": {
			"version": "1.20.0",
			"resolved": "https://registry.npmjs.org/resolve/-/resolve-1.20.0.tgz",
			"integrity": "sha512-wENBPt4ySzg4ybFQW2TT1zMQucPK95HSh/nq2CFTZVOGut2+pQvSsgtda4d26YrYcr067wjbmzOG8byDPBX63A==",
			"dev": true,
			"requires": {
				"is-core-module": "^2.2.0",
				"path-parse": "^1.0.6"
			}
		},
		"rollup": {
			"version": "2.62.0",
			"resolved": "https://registry.npmjs.org/rollup/-/rollup-2.62.0.tgz",
			"integrity": "sha512-cJEQq2gwB0GWMD3rYImefQTSjrPYaC6s4J9pYqnstVLJ1CHa/aZNVkD4Epuvg4iLeMA4KRiq7UM7awKK6j7jcw==",
			"dev": true,
			"requires": {
				"fsevents": "~2.3.2"
			}
		},
		"sade": {
			"version": "1.8.0",
			"resolved": "https://registry.npmjs.org/sade/-/sade-1.8.0.tgz",
			"integrity": "sha512-NRfCA8AVYuAA7Hu8bs18od6J4BdcXXwOv6OJuNgwbw8LcLK8JKwaM3WckLZ+MGyPJUS/ivVgK3twltrOIJJnug==",
			"dev": true,
			"requires": {
				"mri": "^1.1.0"
			}
		},
		"safe-buffer": {
			"version": "5.2.1",
			"resolved": "https://registry.npmjs.org/safe-buffer/-/safe-buffer-5.2.1.tgz",
			"integrity": "sha512-rp3So07KcdmmKbGvgaNxQSJr7bGVSVk5S9Eq1F+ppbRo70+YeaDxkw5Dd8NPN+GD6bjnYm2VuPuCXmpuYvmCXQ=="
		},
		"socket.io-client": {
			"version": "4.4.0",
			"resolved": "https://registry.npmjs.org/socket.io-client/-/socket.io-client-4.4.0.tgz",
			"integrity": "sha512-g7riSEJXi7qCFImPow98oT8X++MSsHz6MMFRXkWNJ6uEROSHOa3kxdrsYWMq85dO+09CFMkcqlpjvbVXQl4z6g==",
			"requires": {
				"@socket.io/component-emitter": "~3.0.0",
				"backo2": "~1.0.2",
				"debug": "~4.3.2",
				"engine.io-client": "~6.1.1",
				"parseuri": "0.0.6",
				"socket.io-parser": "~4.1.1"
			}
		},
		"socket.io-parser": {
			"version": "4.1.1",
			"resolved": "https://registry.npmjs.org/socket.io-parser/-/socket.io-parser-4.1.1.tgz",
			"integrity": "sha512-USQVLSkDWE5nbcY760ExdKaJxCE65kcsG/8k5FDGZVVxpD1pA7hABYXYkCUvxUuYYh/+uQw0N/fvBzfT8o07KA==",
			"requires": {
				"@socket.io/component-emitter": "~3.0.0",
				"debug": "~4.3.1"
			}
		},
		"source-map-js": {
			"version": "1.0.1",
			"resolved": "https://registry.npmjs.org/source-map-js/-/source-map-js-1.0.1.tgz",
			"integrity": "sha512-4+TN2b3tqOCd/kaGRJ/sTYA0tR0mdXx26ipdolxcwtJVqEnqNYvlCAt1q3ypy4QMlYus+Zh34RNtYLoq2oQ4IA==",
			"dev": true
		},
		"sourcemap-codec": {
			"version": "1.4.8",
			"resolved": "https://registry.npmjs.org/sourcemap-codec/-/sourcemap-codec-1.4.8.tgz",
			"integrity": "sha512-9NykojV5Uih4lgo5So5dtw+f0JgJX30KCNI8gwhz2J9A15wD0Ml6tjHKwf6fTSa6fAdVBdZeNOs9eJ71qCk8vA==",
			"dev": true
		},
		"ssf": {
			"version": "0.11.2",
			"resolved": "https://registry.npmjs.org/ssf/-/ssf-0.11.2.tgz",
			"integrity": "sha512-+idbmIXoYET47hH+d7dfm2epdOMUDjqcB4648sTZ+t2JwoyBFL/insLfB/racrDmsKB3diwsDA696pZMieAC5g==",
			"requires": {
				"frac": "~1.1.2"
			}
		},
		"string-width": {
			"version": "4.2.3",
			"resolved": "https://registry.npmjs.org/string-width/-/string-width-4.2.3.tgz",
			"integrity": "sha512-wKyQRQpjJ0sIp62ErSZdGsjMJWsap5oRNihHhu6G7JVO/9jIB6UyevL+tXuOqrng8j/cxKTWyWUwvSTriiZz/g==",
			"requires": {
				"emoji-regex": "^8.0.0",
				"is-fullwidth-code-point": "^3.0.0",
				"strip-ansi": "^6.0.1"
			}
		},
		"strip-ansi": {
			"version": "6.0.1",
			"resolved": "https://registry.npmjs.org/strip-ansi/-/strip-ansi-6.0.1.tgz",
			"integrity": "sha512-Y38VPSHcqkFrCpFnQ9vuSXmquuv5oXOKpGeT6aGrr3o3Gc9AlVa6JBfUSOCnbxGGZF+/0ooI7KrPuUSztUdU5A==",
			"requires": {
				"ansi-regex": "^5.0.1"
			}
		},
		"svelte": {
			"version": "3.44.3",
			"resolved": "https://registry.npmjs.org/svelte/-/svelte-3.44.3.tgz",
			"integrity": "sha512-aGgrNCip5PQFNfq9e9tmm7EYxWLVHoFsEsmKrtOeRD8dmoGDdyTQ+21xd7qgFd8MNdKGSYvg7F9dr+Tc0yDymg==",
			"dev": true
		},
		"svelte-hmr": {
			"version": "0.14.9",
			"resolved": "https://registry.npmjs.org/svelte-hmr/-/svelte-hmr-0.14.9.tgz",
			"integrity": "sha512-bKE9+4qb4sAnA+TKHiYurUl970rjA0XmlP9TEP7K/ncyWz3m81kA4HOgmlZK/7irGK7gzZlaPDI3cmf8fp/+tg==",
			"dev": true
		},
		"tiny-glob": {
			"version": "0.2.9",
			"resolved": "https://registry.npmjs.org/tiny-glob/-/tiny-glob-0.2.9.tgz",
			"integrity": "sha512-g/55ssRPUjShh+xkfx9UPDXqhckHEsHr4Vd9zX55oSdGZc/MD0m3sferOkwWtp98bv+kcVfEHtRJgBVJzelrzg==",
			"dev": true,
			"requires": {
				"globalyzer": "0.1.0",
				"globrex": "^0.1.2"
			}
		},
		"tslib": {
			"version": "2.3.1",
			"resolved": "https://registry.npmjs.org/tslib/-/tslib-2.3.1.tgz",
			"integrity": "sha512-77EbyPPpMz+FRFRuAFlWMtmgUWGe9UOG2Z25NqCwiIjRhOf5iKGuzSe5P2w1laq+FkRy4p+PCuVkJSGkzTEKVw=="
		},
		"vite": {
			"version": "2.7.10",
			"resolved": "https://registry.npmjs.org/vite/-/vite-2.7.10.tgz",
			"integrity": "sha512-KEY96ntXUid1/xJihJbgmLZx7QSC2D4Tui0FdS0Old5OokYzFclcofhtxtjDdGOk/fFpPbHv9yw88+rB93Tb8w==",
			"dev": true,
			"requires": {
				"esbuild": "^0.13.12",
				"fsevents": "~2.3.2",
				"postcss": "^8.4.5",
				"resolve": "^1.20.0",
				"rollup": "^2.59.0"
			}
		},
		"websocket-driver": {
			"version": "0.7.4",
			"resolved": "https://registry.npmjs.org/websocket-driver/-/websocket-driver-0.7.4.tgz",
			"integrity": "sha512-b17KeDIQVjvb0ssuSDF2cYXSg2iztliJ4B9WdsuB6J952qCPKmnVq4DyW5motImXHDC1cBT/1UezrJVsKw5zjg==",
			"requires": {
				"http-parser-js": ">=0.5.1",
				"safe-buffer": ">=5.1.0",
				"websocket-extensions": ">=0.1.1"
			}
		},
		"websocket-extensions": {
			"version": "0.1.4",
			"resolved": "https://registry.npmjs.org/websocket-extensions/-/websocket-extensions-0.1.4.tgz",
			"integrity": "sha512-OqedPIGOfsDlo31UNwYbCFMSaO9m9G/0faIHj5/dZFDMFqPTcx6UwqyOy3COEaEOg/9VsGIpdqn62W5KhoKSpg=="
		},
		"whatwg-fetch": {
			"version": "2.0.4",
			"resolved": "https://registry.npmjs.org/whatwg-fetch/-/whatwg-fetch-2.0.4.tgz",
			"integrity": "sha512-dcQ1GWpOD/eEQ97k66aiEVpNnapVj90/+R+SXTPYGHpYBBypfKJEQjLrvMZ7YXbKm21gXd4NcuxUTjiv1YtLng=="
		},
		"wmf": {
			"version": "1.0.2",
			"resolved": "https://registry.npmjs.org/wmf/-/wmf-1.0.2.tgz",
			"integrity": "sha512-/p9K7bEh0Dj6WbXg4JG0xvLQmIadrner1bi45VMJTfnbVHsc7yIajZyoSoK60/dtVBs12Fm6WkUI5/3WAVsNMw=="
		},
		"word": {
			"version": "0.3.0",
			"resolved": "https://registry.npmjs.org/word/-/word-0.3.0.tgz",
			"integrity": "sha512-OELeY0Q61OXpdUfTp+oweA/vtLVg5VDOXh+3he3PNzLGG/y0oylSOC1xRVj0+l4vQ3tj/bB1HVHv1ocXkQceFA=="
		},
		"wrap-ansi": {
			"version": "7.0.0",
			"resolved": "https://registry.npmjs.org/wrap-ansi/-/wrap-ansi-7.0.0.tgz",
			"integrity": "sha512-YVGIj2kamLSTxw6NsZjoBxfSwsn0ycdesmc4p+Q21c5zPuZ1pl+NfxVdxPtdHvmNVOQ6XSYG4AUtyt/Fi7D16Q==",
			"requires": {
				"ansi-styles": "^4.0.0",
				"string-width": "^4.1.0",
				"strip-ansi": "^6.0.0"
			}
		},
		"ws": {
			"version": "8.2.3",
			"resolved": "https://registry.npmjs.org/ws/-/ws-8.2.3.tgz",
			"integrity": "sha512-wBuoj1BDpC6ZQ1B7DWQBYVLphPWkm8i9Y0/3YdHjHKHiohOJ1ws+3OccDWtH+PoC9DZD5WOTrJvNbWvjS6JWaA=="
		},
		"xlsx": {
			"version": "0.17.4",
			"resolved": "https://registry.npmjs.org/xlsx/-/xlsx-0.17.4.tgz",
			"integrity": "sha512-9aKt8g9ZLP0CUdBX8L5xnoMDFwSiLI997eQnDThCaqQMYB9AEBIRzblSSNN/ICMGLYIHUO3VKaItcedZJ3ijIg==",
			"requires": {
				"adler-32": "~1.2.0",
				"cfb": "^1.1.4",
				"codepage": "~1.15.0",
				"crc-32": "~1.2.0",
				"ssf": "~0.11.2",
				"wmf": "~1.0.1",
				"word": "~0.3.0"
			}
		},
		"xmlhttprequest": {
			"version": "1.8.0",
			"resolved": "https://registry.npmjs.org/xmlhttprequest/-/xmlhttprequest-1.8.0.tgz",
			"integrity": "sha1-Z/4HXFwk/vOfnWX197f+dRcZaPw="
		},
		"xmlhttprequest-ssl": {
			"version": "2.0.0",
			"resolved": "https://registry.npmjs.org/xmlhttprequest-ssl/-/xmlhttprequest-ssl-2.0.0.tgz",
			"integrity": "sha512-QKxVRxiRACQcVuQEYFsI1hhkrMlrXHPegbbd1yn9UHOmRxY+si12nQYzri3vbzt8VdTTRviqcKxcyllFas5z2A=="
		},
		"y18n": {
			"version": "5.0.8",
			"resolved": "https://registry.npmjs.org/y18n/-/y18n-5.0.8.tgz",
			"integrity": "sha512-0pfFzegeDWJHJIAmTLRP2DwHjdF5s7jo9tuztdQxAhINCdvS+3nGINqPd00AphqJR/0LhANUS6/+7SCb98YOfA=="
		},
		"yargs": {
			"version": "16.2.0",
			"resolved": "https://registry.npmjs.org/yargs/-/yargs-16.2.0.tgz",
			"integrity": "sha512-D1mvvtDG0L5ft/jGWkLpG1+m0eQxOfaBvTNELraWj22wSVUMWxZUvYgJYcKh6jGGIkJFhH4IZPQhR4TKpc8mBw==",
			"requires": {
				"cliui": "^7.0.2",
				"escalade": "^3.1.1",
				"get-caller-file": "^2.0.5",
				"require-directory": "^2.1.1",
				"string-width": "^4.2.0",
				"y18n": "^5.0.5",
				"yargs-parser": "^20.2.2"
			}
		},
		"yargs-parser": {
			"version": "20.2.9",
			"resolved": "https://registry.npmjs.org/yargs-parser/-/yargs-parser-20.2.9.tgz",
			"integrity": "sha512-y11nGElTIV+CT3Zv9t7VKl+Q3hTQoT9a1Qzezhhl6Rp21gJ/IVTW7Z3y9EWXhuUBC2Shnf+DX0antecpAwSP8w=="
		},
		"yeast": {
			"version": "0.1.2",
			"resolved": "https://registry.npmjs.org/yeast/-/yeast-0.1.2.tgz",
			"integrity": "sha1-AI4G2AlDIMNy28L47XagymyKxBk="
		}
	}
}
